PODS:
  - Alamofire (5.0.5)
  - SDWebImage (5.12.5):
    - SDWebImage/Core (= 5.12.5)
  - SDWebImage/Core (5.12.5)
  - SDWebImageSVGCoder (1.6.1):
    - SDWebImage/Core (~> 5.6)

DEPENDENCIES:
  - Alamofire (~> 5.0.0-rc.2)
  - SDWebImage (~> 5.0)
  - SDWebImageSVGCoder

SPEC REPOS:
  trunk:
    - Alamofire
    - SDWebImage
    - SDWebImageSVGCoder

SPEC CHECKSUMS:
  Alamofire: df2f8f826963b08b9a870791ad48e07a10090b2e
  SDWebImage: 0905f1b7760fc8ac4198cae0036600d67478751e
  SDWebImageSVGCoder: 6fc109f9c2a82ab44510fff410b88b1a6c271ee8

PODFILE CHECKSUM: 527a3eb7bd0cee4bcd81e2d444d6518d8835120f

COCOAPODS: 1.11.3
